buf.build/gen/go/bufbuild/protodescriptor/protocolbuffers/go v1.36.11-20250109164928-1da0de137947.1 h1:HwzzCRS4ZrEm1++rzSDxHnO0DOjiT1b8I/24e8a4exY=
buf.build/gen/go/bufbuild/protodescriptor/protocolbuffers/go v1.36.11-20250109164928-1da0de137947.1/go.mod h1:8PRKXhgNes29Tjrnv8KdZzg3I1QceOkzibW1QK7EXv0=
buf.build/gen/go/bufbuild/protovalidate/protocolbuffers/go v1.36.11-20260709200747-435963d16310.1 h1:fXh8CsdNpjRr8R5vFdqtIxPt/Lno2IIJlYOdZBIZn0w=
buf.build/gen/go/bufbuild/protovalidate/protocolbuffers/go v1.36.11-20260709200747-435963d16310.1/go.mod h1:tvtbpgaVXZX4g6Pn+AnzFycuRK3MOz5HJfEGeEllXYM=
buf.build/go/bufprivateusage v0.1.0 h1:SzCoCcmzS3zyXHEXHeSQhGI7OTkgtljoknLzsUz9Gg4=
buf.build/go/bufprivateusage v0.1.0/go.mod h1:GlCCJ3VVF7EqqU0CoRmo1FzAwwaKymEWSr+ty69xU5w=
buf.build/go/protovalidate v1.2.0 h1:DQVrUWkmGTBij+kOYv/x2LLxwcLaGKMdzShj1/6/3H0=
buf.build/go/protovalidate v1.2.0/go.mod h1:7rYiQEhqvAipoazpVNBBH2S2f8bjG4huMVy1V2Yofn4=
buf.build/go/protoyaml v0.6.0 h1:Nzz1lvcXF8YgNZXk+voPPwdU8FjDPTUV4ndNTXN0n2w=
buf.build/go/protoyaml v0.6.0/go.mod h1:RgUOsBu/GYKLDSIRgQXniXbNgFlGEZnQpRAUdLAFV2Q=
buf.build/go/standard v0.1.1-0.20260325175353-2b287e071df5 h1:njYKSWoLiq2i5O7y2bPPU2Yzp7iAU0Wk9KJ2OoAhNiU=
buf.build/go/standard v0.1.1-0.20260325175353-2b287e071df5/go.mod h1:DQmodNT9EHX94WzUaWiZK+/4EaFa/xZTc1gzfCxZVXU=
cel.dev/expr v0.25.2 h1:K6j46C81hXtZQfuX60cVWQFBJahKSE2gfRbNuvr5bFs=
cel.dev/expr v0.25.2/go.mod h1:hrXvqGP6G6gyx8UAHSHJ5RGk//1Oj5nXQ2NI02Nrsg4=
connectrpc.com/connect v1.20.0 h1:6TNDAB+WeNd2uolWNlYczB5E0KNNaVMNUEx8JEUsPmQ=
connectrpc.com/connect v1.20.0/go.mod h1:A2ygJrukXwWy32vkCAAHNVguZrqZ+jeZ9rGRnGR4dN4=
github.com/antlr4-go/antlr/v4 v4.13.1 h1:SqQKkuVZ+zWkMMNkjy5FZe5mr5WURWnlpmOuzYWrPrQ=
github.com/antlr4-go/antlr/v4 v4.13.1/go.mod h1:GKmUxMtwp6ZgGwZSva4eWPC5mS6vUAmOABFgjdkM7Nw=
github.com/aws/aws-sdk-go-v2/service/eventbridge v1.48.5 h1:pr74r7rrAlxzbNZ3M62sZPkkfVaZv4y0zJAc+zJZdQo=
github.com/aws/aws-sdk-go-v2/service/eventbridge v1.48.5/go.mod h1:KEHNsKgUKn1+HYQDwk/C/yMbu+pR6nyLDZedJJc3lSU=
github.com/aws/smithy-go v1.27.7 h1:Zgj5z4LfcDYoQIVk+n/yGdTkP/2y6ZT5vYxe0fp7bqE=
github.com/aws/smithy-go v1.27.7/go.mod h1:YE2RhdIuDbA5E5bTdciG9KrW3+TiEONeUWCqxX9i1Fc=
github.com/brianvoe/gofakeit/v6 v6.28.0 h1:Xib46XXuQfmlLS2EXRuJpqcw8St6qSZz75OUo0tgAW4=
github.com/brianvoe/gofakeit/v6 v6.28.0/go.mod h1:Xj58BMSnFqcn/fAQeSK+/PLtC5kSb7FJIq4JyGa8vEs=
github.com/bufbuild/buf v1.68.4 h1:NGKgWIcBQOKuWwIPvDqossNC7yy2Iqxx1/wKuATzcuY=
github.com/bufbuild/buf v1.68.4/go.mod h1:/WQvPDua+cCdXE1iCFUoDSC4NbGvXbGUvsM5MdkHt3E=
github.com/bufbuild/protocompile v0.14.2-0.20260422150859-0395838fcd3c h1:Y/lKWxA9tFZIIW/tvCpuKozXwiwrRm5Jsdy0OUei/b0=
github.com/bufbuild/protocompile v0.14.2-0.20260422150859-0395838fcd3c/go.mod h1:DhgqsRznX/F0sGkUYtTQJRP+q8xMReQRQ3qr+n1opWU=
github.com/bufbuild/protoplugin v0.0.0-20260414125817-25d1d281b46b h1:b7wvo9ZhjLzCp7tGbOUMvgtYTnd33zGSAmMxcdxMnhQ=
github.com/bufbuild/protoplugin v0.0.0-20260414125817-25d1d281b46b/go.mod h1:c5D8gWRIZ2HLWO3gXYTtUfw/hbJyD8xikv2ooPxnklQ=
github.com/bufbuild/protoschema-plugins v0.6.0 h1:ROpzNp6Cpflaw9gQMxZfa64UT66SVdsZx4wexNEictU=
github.com/bufbuild/protoschema-plugins v0.6.0/go.mod h1:PqW3+gtgtmNFzEO9NauTvSVfWS4Ip7O6qoA1jhhgtSY=
github.com/davecgh/go-spew v1.1.2-0.20180830191138-d8f796af33cc h1:U9qPSI2PIWSS1VwoXQT9A3Wy9MM3WgvqSxFWenqJduM=
github.com/davecgh/go-spew v1.1.2-0.20180830191138-d8f796af33cc/go.mod h1:J7Y8YcW2NihsgmVo/mv3lAwl/skON4iLHjSsI+c5H38=
github.com/google/cel-go v0.31.0 h1:H0bhpFTqOvmHrBGrWKp7ZlhBm5Hh8PYUEXnwxT1LL7A=
github.com/google/cel-go v0.31.0/go.mod h1:X0bD6iVNR8pkROSOoHVdgTkzmRcosof7WQqCD6wcMc8=
github.com/google/go-cmp v0.7.0 h1:wk8382ETsv4JYUZwIsn6YpYiWiBsYLSJiTsyBybVuN8=
github.com/google/go-cmp v0.7.0/go.mod h1:pXiqmnSA92OHEEa9HXL2W4E7lf9JzCmGVUdgjX3N/iU=
github.com/google/uuid v1.6.0 h1:NIvaJDMOsjHA8n1jAhLSgzrAzy1Hgr+hNrb57e+94F0=
github.com/google/uuid v1.6.0/go.mod h1:TIyPZe4MgqvfeYDBFedMoGGpEw/LqOeaOT+nhxU+yHo=
github.com/petermattis/goid v0.0.0-20260330135022-df67b199bc81 h1:WDsQxOJDy0N1VRAjXLpi8sCEZRSGarLWQevDxpTBRrM=
github.com/petermattis/goid v0.0.0-20260330135022-df67b199bc81/go.mod h1:pxMtw7cyUw6B2bRH0ZBANSPg+AoSud1I1iyJHI69jH4=
github.com/pmezard/go-difflib v1.0.1-0.20181226105442-5d4384ee4fb2 h1:Jamvg5psRIccs7FGNTlIRMkT8wgtp5eCXdBlqhYGL6U=
github.com/pmezard/go-difflib v1.0.1-0.20181226105442-5d4384ee4fb2/go.mod h1:iKH77koFhYxTK1pcRnkKkqfTogsbg7gZNVY4sRDYZ/4=
github.com/rivo/uniseg v0.4.7 h1:WUdvkW8uEhrYfLC4ZzdpI2ztxP1I582+49Oc5Mq64VQ=
github.com/rivo/uniseg v0.4.7/go.mod h1:FN3SvrM+Zdj16jyLfmOkMNblXMcoc8DfTHruCPUcx88=
github.com/rodaine/protogofakeit v0.1.1 h1:ZKouljuRM3A+TArppfBqnH8tGZHOwM/pjvtXe9DaXH8=
github.com/rodaine/protogofakeit v0.1.1/go.mod h1:pXn/AstBYMaSfc1/RqH3N82pBuxtWgejz1AlYpY1mI0=
github.com/santhosh-tekuri/jsonschema/v6 v6.0.2 h1:KRzFb2m7YtdldCEkzs6KqmJw4nqEVZGK7IN2kJkjTuQ=
github.com/santhosh-tekuri/jsonschema/v6 v6.0.2/go.mod h1:JXeL+ps8p7/KNMjDQk3TCwPpBy0wYklyWTfbkIzdIFU=
github.com/stretchr/testify v1.11.1 h1:7s2iGBzp5EwR7/aIZr8ao5+dra3wiQyKjjFuvgVKu7U=
github.com/stretchr/testify v1.11.1/go.mod h1:wZwfW3scLgRK+23gO65QZefKpKQRnfz6sD981Nm4B6U=
github.com/tidwall/btree v1.8.1 h1:27ehoXvm5AG/g+1VxLS1SD3vRhp/H7LuEfwNvddEdmA=
github.com/tidwall/btree v1.8.1/go.mod h1:jBbTdUWhSZClZWoDg54VnvV7/54modSOzDN7VXftj1A=
go.yaml.in/yaml/v3 v3.0.5 h1:N6y/pJk8buWs9NY5ERU2HSMfm+IuD/OtfdAnq6kESPw=
go.yaml.in/yaml/v3 v3.0.5/go.mod h1:HVTZu1O7/Vkt2N+BFy8Zza+lnLsABggaTM2ZpNIGuKg=
golang.org/x/exp v0.0.0-20260810151157-a8b543ca52da h1:YKw1FZDyWyXXZcBxalRHz3CHieUKnKxanrbcO280Zwc=
golang.org/x/sync v0.22.0 h1:SZjpbeLmrCk4xhRSZFNZW5gFUeCeFgjekvI/+gfScek=
golang.org/x/sync v0.22.0/go.mod h1:9xrNwdLfx4jkKbNva9FpL6vEN7evnE43NNNJQ2LF3+0=
golang.org/x/text v0.40.0 h1:Ub2Z6/xjgF1WrYQz2nuITOEegKFtiIy+rieRJ5lHZKs=
golang.org/x/text v0.40.0/go.mod h1:hpnzDAfGV753zIKo+wk3u1bVKCGPbrnF7+7LBF/UHVY=
google.golang.org/genproto/googleapis/api v0.0.0-20260810153831-ec0a7760b754 h1:dWeMvEJ3JhYgqSCAHUZZJgMUyfniiiCvDc72x5EqJP0=
google.golang.org/genproto/googleapis/rpc v0.0.0-20260810153831-ec0a7760b754 h1:k5CJw9e5ONCcA/u0webKt092npXuY+KeGh3Q8NAVf0g=
google.golang.org/protobuf v1.36.12 h1:pJOKDDOyeXErUroCihFAd5LQuwXBSpVnKGrj5o/fwxc=
google.golang.org/protobuf v1.36.12/go.mod h1:HTf+CrKn2C3g5S8VImy6tdcUvCska2kB7j23XfzDpco=
gopkg.in/yaml.v3 v3.0.1 h1:fxVm/GzAzEWqLHuvctI91KS9hhNmmWOoWu0XTYJS7CA=
gopkg.in/yaml.v3 v3.0.1/go.mod h1:K4uyk7z7BCEPqu6E+C64Yfv1cQ7kz7rIZviUmN+EgEM=
